
Microsoft Visual Studio Solution File, Format Version 12.00
# Visual Studio Version 17
VisualStudioVersion = 17.14.36221.1 d17.14
MinimumVisualStudioVersion = 10.0.40219.1
Project("{FAE04EC0-301F-11D3-BF4B-00C04F79EFBC}") = "Test-Git", "Test-Git\Test-Git.csproj", "{AA5B66E2-8263-404A-A3EC-F5A8447A5CC4}"
EndProject
Global
	GlobalSection(SolutionConfigurationPlatforms) = preSolution
		Debug|Any CPU = Debug|Any CPU
		Release|Any CPU = Release|Any CPU
	EndGlobalSection
	GlobalSection(ProjectConfigurationPlatforms) = postSolution
		{AA5B66E2-8263-404A-A3EC-F5A8447A5CC4}.Debug|Any CPU.ActiveCfg = Debug|Any CPU
		{AA5B66E2-8263-404A-A3EC-F5A8447A5CC4}.Debug|Any CPU.Build.0 = Debug|Any CPU
		{AA5B66E2-8263-404A-A3EC-F5A8447A5CC4}.Release|Any CPU.ActiveCfg = Release|Any CPU
		{AA5B66E2-8263-404A-A3EC-F5A8447A5CC4}.Release|Any CPU.Build.0 = Release|Any CPU
	EndGlobalSection
	GlobalSection(SolutionProperties) = preSolution
		HideSolutionNode = FALSE
	EndGlobalSection
	GlobalSection(ExtensibilityGlobals) = postSolution
		SolutionGuid = {E1AF9965-7DB5-42C3-AE12-FAC9C3B52819}
	EndGlobalSection
EndGlobal
